<?xml version="1.0" encoding="UTF-8"?>
<Scheme
   LastUpgradeVersion = "2700"
   version = "1.7">
   <BuildAction
      parallelizeBuildables = "YES"
      buildImplicitDependencies = "YES">
      <BuildActionEntries>
         <BuildActionEntry
            buildForTesting = "YES"
            buildForRunning = "YES"
            buildForProfiling = "YES"
            buildForArchiving = "YES"
            buildForAnalyzing = "YES">
            <BuildableReference
               BuildableIdentifier = "primary"
               BlueprintIdentifier = "6B61F3DE306441DF00D2CD39"
               BuildableName = "Walk_And_Take.app"
               BlueprintName = "Walk_And_Take"
               ReferencedContainer = "container:Walk_And_Take.xcodeproj">
            </BuildableReference>
         </BuildActionEntry>
      </BuildActionEntries>
   </BuildAction>
   <TestAction
      buildConfiguration = "Debug"
      selectedDebuggerIdentifier = "Xcode.DebuggerFoundation.Debugger.LLDB"
      selectedLauncherIdentifier = "Xcode.DebuggerFoundation.Launcher.LLDB"
      shouldUseLaunchSchemeArgsEnv = "YES">
      <Testables>
         <TestableReference
            skipped = "NO">
            <BuildableReference
               BuildableIdentifier = "primary"
               BlueprintIdentifier = "DomainTests"
               BuildableName = "DomainTests"
               BlueprintName = "DomainTests"
               ReferencedContainer = "container:Packages/WalkAndTakeKit">
            </BuildableReference>
         </TestableReference>
         <TestableReference
            skipped = "NO">
            <BuildableReference
               BuildableIdentifier = "primary"
               BlueprintIdentifier = "PlatformTests"
               BuildableName = "PlatformTests"
               BlueprintName = "PlatformTests"
               ReferencedContainer = "container:Packages/WalkAndTakeKit">
            </BuildableReference>
         </TestableReference>
         <TestableReference
            skipped = "NO">
            <BuildableReference
               BuildableIdentifier = "primary"
               BlueprintIdentifier = "MockDataTests"
               BuildableName = "MockDataTests"
               BlueprintName = "MockDataTests"
               ReferencedContainer = "container:Packages/WalkAndTakeKit">
            </BuildableReference>
         </TestableReference>
         <TestableReference
            skipped = "NO">
            <BuildableReference
               BuildableIdentifier = "primary"
               BlueprintIdentifier = "DesignSystemTests"
               BuildableName = "DesignSystemTests"
               BlueprintName = "DesignSystemTests"
               ReferencedContainer = "container:Packages/WalkAndTakeKit">
            </BuildableReference>
         </TestableReference>
         <TestableReference
            skipped = "NO">
            <BuildableReference
               BuildableIdentifier = "primary"
               BlueprintIdentifier = "CustomerFeaturesTests"
               BuildableName = "CustomerFeaturesTests"
               BlueprintName = "CustomerFeaturesTests"
               ReferencedContainer = "container:Packages/WalkAndTakeKit">
            </BuildableReference>
         </TestableReference>
         <TestableReference
            skipped = "NO">
            <BuildableReference
               BuildableIdentifier = "primary"
               BlueprintIdentifier = "6B7A00000000000000000040"
               BuildableName = "WalkAndTakeUITests.xctest"
               BlueprintName = "WalkAndTakeUITests"
               ReferencedContainer = "container:Walk_And_Take.xcodeproj">
            </BuildableReference>
         </TestableReference>
      </Testables>
   </TestAction>
   <LaunchAction
      buildConfiguration = "Debug"
      selectedDebuggerIdentifier = "Xcode.DebuggerFoundation.Debugger.LLDB"
      selectedLauncherIdentifier = "Xcode.DebuggerFoundation.Launcher.LLDB"
      launchStyle = "0"
      useCustomWorkingDirectory = "NO"
      ignoresPersistentStateOnLaunch = "NO"
      debugDocumentVersioning = "YES"
      debugServiceExtension = "internal"
      allowLocationSimulation = "YES">
      <BuildableProductRunnable
         runnableDebuggingMode = "0">
         <BuildableReference
               BuildableIdentifier = "primary"
               BlueprintIdentifier = "6B61F3DE306441DF00D2CD39"
               BuildableName = "Walk_And_Take.app"
               BlueprintName = "Walk_And_Take"
               ReferencedContainer = "container:Walk_And_Take.xcodeproj">
            </BuildableReference>
      </BuildableProductRunnable>
   </LaunchAction>
   <ProfileAction
      buildConfiguration = "Release"
      shouldUseLaunchSchemeArgsEnv = "YES"
      savedToolIdentifier = ""
      useCustomWorkingDirectory = "NO"
      debugDocumentVersioning = "YES">
      <BuildableProductRunnable
         runnableDebuggingMode = "0">
         <BuildableReference
               BuildableIdentifier = "primary"
               BlueprintIdentifier = "6B61F3DE306441DF00D2CD39"
               BuildableName = "Walk_And_Take.app"
               BlueprintName = "Walk_And_Take"
               ReferencedContainer = "container:Walk_And_Take.xcodeproj">
            </BuildableReference>
      </BuildableProductRunnable>
   </ProfileAction>
   <AnalyzeAction
      buildConfiguration = "Debug">
   </AnalyzeAction>
   <ArchiveAction
      buildConfiguration = "Release"
      revealArchiveInOrganizer = "YES">
   </ArchiveAction>
</Scheme>
